
Microsoft Visual Studio Solution File, Format Version 12.00
# Visual Studio Version 17
VisualStudioVersion = 17.5.33530.505
MinimumVisualStudioVersion = 10.0.40219.1
Project("{FAE04EC0-301F-11D3-BF4B-00C04F79EFBC}") = "Dictionary", "Dictionary\Dictionary.csproj", "{3D0AD2D6-D41A-48F2-AF90-63DC612EBA9F}"
EndProject
Project("{54435603-DBB4-11D2-8724-00A0C9A8B90C}") = "Bangla Dictionary", "Bangla Dictionary\Bangla Dictionary.vdproj", "{20EE7569-8D59-4F46-AFC9-31497940F14E}"
EndProject
Global
	GlobalSection(SolutionConfigurationPlatforms) = preSolution
		Debug|Any CPU = Debug|Any CPU
		Release|Any CPU = Release|Any CPU
	EndGlobalSection
	GlobalSection(ProjectConfigurationPlatforms) = postSolution
		{3D0AD2D6-D41A-48F2-AF90-63DC612EBA9F}.Debug|Any CPU.ActiveCfg = Debug|Any CPU
		{3D0AD2D6-D41A-48F2-AF90-63DC612EBA9F}.Debug|Any CPU.Build.0 = Debug|Any CPU
		{3D0AD2D6-D41A-48F2-AF90-63DC612EBA9F}.Release|Any CPU.ActiveCfg = Release|Any CPU
		{3D0AD2D6-D41A-48F2-AF90-63DC612EBA9F}.Release|Any CPU.Build.0 = Release|Any CPU
		{20EE7569-8D59-4F46-AFC9-31497940F14E}.Debug|Any CPU.ActiveCfg = Debug
		{20EE7569-8D59-4F46-AFC9-31497940F14E}.Release|Any CPU.ActiveCfg = Release
	EndGlobalSection
	GlobalSection(SolutionProperties) = preSolution
		HideSolutionNode = FALSE
	EndGlobalSection
	GlobalSection(ExtensibilityGlobals) = postSolution
		SolutionGuid = {5E6889F0-AD60-4F8D-BC70-FF78449CA579}
	EndGlobalSection
EndGlobal
